{
  "nodes": {
    "fake-warp-hx": {
      "flake": false,
      "locked": {
        "lastModified": 1776041768,
        "narHash": "sha256-Db/YOBfALu4R2KuyXQxl7L2AQcJdeF37ykGt7l9WziA=",
        "owner": "Xerxes-2",
        "repo": "fake-warp.hx",
        "rev": "542214f6359880c70663e3e58e0d1c5fda10d328",
        "type": "github"
      },
      "original": {
        "owner": "Xerxes-2",
        "repo": "fake-warp.hx",
        "rev": "542214f6359880c70663e3e58e0d1c5fda10d328",
        "type": "github"
      }
    },
    "flake-compat": {
      "locked": {
        "lastModified": 1767039857,
        "narHash": "sha256-vNpUSpF5Nuw8xvDLj2KCwwksIbjua2LZCqhV1LNRDns=",
        "owner": "edolstra",
        "repo": "flake-compat",
        "rev": "5edf11c44bc78a0d334f6334cdaf7d60d732daab",
        "type": "github"
      },
      "original": {
        "owner": "edolstra",
        "repo": "flake-compat",
        "type": "github"
      }
    },
    "flake-parts": {
      "inputs": {
        "nixpkgs-lib": [
          "steel",
          "nixpkgs"
        ]
      },
      "locked": {
        "lastModified": 1765835352,
        "narHash": "sha256-XswHlK/Qtjasvhd1nOa1e8MgZ8GS//jBoTqWtrS1Giw=",
        "owner": "hercules-ci",
        "repo": "flake-parts",
        "rev": "a34fae9c08a15ad73f295041fec82323541400a9",
        "type": "github"
      },
      "original": {
        "owner": "hercules-ci",
        "repo": "flake-parts",
        "type": "github"
      }
    },
    "flake-utils": {
      "inputs": {
        "systems": "systems"
      },
      "locked": {
        "lastModified": 1731533236,
        "narHash": "sha256-l0KFg5HjrsfsO/JpG+r7fRrqm12kzFHyUHqHCVpMMbI=",
        "owner": "numtide",
        "repo": "flake-utils",
        "rev": "11707dc2f618dd54ca8739b309ec4fc024de578b",
        "type": "github"
      },
      "original": {
        "owner": "numtide",
        "repo": "flake-utils",
        "type": "github"
      }
    },
    "helix-file-watcher": {
      "flake": false,
      "locked": {
        "lastModified": 1772944247,
        "narHash": "sha256-kIJ3bjtiXK5RCUO0vWWVZa+rlMaunTyAcSIMh4JljXM=",
        "owner": "mattwparas",
        "repo": "helix-file-watcher",
        "rev": "e36434634b0a862280dc832921c9aa0d62198964",
        "type": "github"
      },
      "original": {
        "owner": "mattwparas",
        "repo": "helix-file-watcher",
        "rev": "e36434634b0a862280dc832921c9aa0d62198964",
        "type": "github"
      }
    },
    "helix-steel": {
      "inputs": {
        "nixpkgs": [
          "nixpkgs"
        ],
        "rust-overlay": [
          "rust-overlay"
        ]
      },
      "locked": {
        "lastModified": 1776313770,
        "narHash": "sha256-pmMsgiKQavlqqdPk6tfz1Y+3JHFT6LUXiOuVMH0I12k=",
        "owner": "mattwparas",
        "repo": "helix",
        "rev": "cba44fdf36d1c728468da73a5373348c7d831fb7",
        "type": "github"
      },
      "original": {
        "owner": "mattwparas",
        "ref": "steel-event-system",
        "repo": "helix",
        "type": "github"
      }
    },
    "nixpkgs": {
      "locked": {
        "lastModified": 1777425547,
        "narHash": "sha256-d57AbflkNfZNoFaZDzssEq1RfPoM9dLtOGI2O+N/68Q=",
        "owner": "NixOS",
        "repo": "nixpkgs",
        "rev": "ebc08544afa77957cc348ba72dc490ec73b87f68",
        "type": "github"
      },
      "original": {
        "owner": "NixOS",
        "ref": "nixpkgs-unstable",
        "repo": "nixpkgs",
        "type": "github"
      }
    },
    "root": {
      "inputs": {
        "fake-warp-hx": "fake-warp-hx",
        "flake-utils": "flake-utils",
        "helix-file-watcher": "helix-file-watcher",
        "helix-steel": "helix-steel",
        "nixpkgs": "nixpkgs",
        "rust-overlay": "rust-overlay",
        "scooter-hx": "scooter-hx",
        "smooth-scroll-hx": "smooth-scroll-hx",
        "steel": "steel"
      }
    },
    "rust-overlay": {
      "inputs": {
        "nixpkgs": [
          "nixpkgs"
        ]
      },
      "locked": {
        "lastModified": 1777519017,
        "narHash": "sha256-TXilQ8MwFFtZs7HSogSI/LJzAS63nicE8iF63iB93WM=",
        "owner": "oxalica",
        "repo": "rust-overlay",
        "rev": "09b556f18dacc39e97a46e0a1cba47af7b3af1d8",
        "type": "github"
      },
      "original": {
        "owner": "oxalica",
        "repo": "rust-overlay",
        "type": "github"
      }
    },
    "scooter-hx": {
      "flake": false,
      "locked": {
        "lastModified": 1756244442,
        "narHash": "sha256-QWFv/Uy3x9O05Rrabo1GjHqva3XJRKALKAUk5RLJdHM=",
        "owner": "thomasschafer",
        "repo": "scooter.hx",
        "rev": "c0cae284f5003588a6ea3515b7d77b3b85d234f2",
        "type": "github"
      },
      "original": {
        "owner": "thomasschafer",
        "ref": "v0.1.4",
        "repo": "scooter.hx",
        "type": "github"
      }
    },
    "smooth-scroll-hx": {
      "flake": false,
      "locked": {
        "lastModified": 1763025298,
        "narHash": "sha256-4lxGZrT4cEcg3jqae3uJGGGCSy4WeVZeJ0hIApMb7jY=",
        "owner": "thomasschafer",
        "repo": "smooth-scroll.hx",
        "rev": "1ed8b088e465fb139389c36ad158ba4a2d9e1bbc",
        "type": "github"
      },
      "original": {
        "owner": "thomasschafer",
        "repo": "smooth-scroll.hx",
        "rev": "1ed8b088e465fb139389c36ad158ba4a2d9e1bbc",
        "type": "github"
      }
    },
    "steel": {
      "inputs": {
        "flake-compat": "flake-compat",
        "flake-parts": "flake-parts",
        "nixpkgs": [
          "nixpkgs"
        ],
        "systems": "systems_2",
        "treefmt-nix": "treefmt-nix"
      },
      "locked": {
        "lastModified": 1775533673,
        "narHash": "sha256-lqtx1q/AHntbZvF3rpWbicvxE3NGZU+VPMueECaVdSA=",
        "owner": "mattwparas",
        "repo": "steel",
        "rev": "605d490c07ae6937d532d5a994920b4dab3016ad",
        "type": "github"
      },
      "original": {
        "owner": "mattwparas",
        "repo": "steel",
        "rev": "605d490c07ae6937d532d5a994920b4dab3016ad",
        "type": "github"
      }
    },
    "systems": {
      "locked": {
        "lastModified": 1681028828,
        "narHash": "sha256-Vy1rq5AaRuLzOxct8nz4T6wlgyUR7zLU309k9mBC768=",
        "owner": "nix-systems",
        "repo": "default",
        "rev": "da67096a3b9bf56a91d16901293e51ba5b49a27e",
        "type": "github"
      },
      "original": {
        "owner": "nix-systems",
        "repo": "default",
        "type": "github"
      }
    },
    "systems_2": {
      "locked": {
        "lastModified": 1681028828,
        "narHash": "sha256-Vy1rq5AaRuLzOxct8nz4T6wlgyUR7zLU309k9mBC768=",
        "owner": "nix-systems",
        "repo": "default",
        "rev": "da67096a3b9bf56a91d16901293e51ba5b49a27e",
        "type": "github"
      },
      "original": {
        "owner": "nix-systems",
        "repo": "default",
        "type": "github"
      }
    },
    "treefmt-nix": {
      "inputs": {
        "nixpkgs": [
          "steel",
          "nixpkgs"
        ]
      },
      "locked": {
        "lastModified": 1767468822,
        "narHash": "sha256-MpffQxHxmjVKMiQd0Tg2IM/bSjjdQAM+NDcX6yxj7rE=",
        "owner": "numtide",
        "repo": "treefmt-nix",
        "rev": "d56486eb9493ad9c4777c65932618e9c2d0468fc",
        "type": "github"
      },
      "original": {
        "owner": "numtide",
        "repo": "treefmt-nix",
        "type": "github"
      }
    }
  },
  "root": "root",
  "version": 7
}
